{
  "nodes": {
    "nixpkgs": {
      "locked": {
        "lastModified": 1671553828,
        "narHash": "sha256-Bg/E5QxgLTZ80aRascHkYYWBtr5GJ1Q50EdlLACMA9Q=",
        "owner": "NixOS",
        "repo": "nixpkgs",
        "rev": "0e8bf3a1cdabe9f32e53c7ac20faa8e81553a1f4",
        "type": "github"
      },
      "original": {
        "owner": "NixOS",
        "ref": "release-22.11",
        "repo": "nixpkgs",
        "type": "github"
      }
    },
    "root": {
      "inputs": {
        "nixpkgs": "nixpkgs"
      }
    }
  },
  "root": "root",
  "version": 7
}
